// !$*UTF8*$!
{
	archiveVersion = 1;
	classes = {
	};
	objectVersion = 55;
	objects = {

/* Begin PBXBuildFile section */
		10C5D7932934937400725568 /* ViewController.view_controller.png in Resources */ = {isa = PBXBuildFile; fileRef = 10C5D7922934937400725568 /* ViewController.view_controller.png */; };
		10CF8D5A2932479100710204 /* AppDelegate.swift in Sources */ = {isa = PBXBuildFile; fileRef = 10CF8D592932479100710204 /* AppDelegate.swift */; };
		10CF8D5E2932479100710204 /* ViewController.swift in Sources */ = {isa = PBXBuildFile; fileRef = 10CF8D5D2932479100710204 /* ViewController.swift */; };
		10CF8D632932479300710204 /* Assets.xcassets in Resources */ = {isa = PBXBuildFile; fileRef = 10CF8D622932479300710204 /* Assets.xcassets */; };
		10CF8D662932479300710204 /* LaunchScreen.storyboard in Resources */ = {isa = PBXBuildFile; fileRef = 10CF8D642932479300710204 /* LaunchScreen.storyboard */; };
		10CF8D742932562F00710204 /* SnapshotTestingDemoTests.swift in Sources */ = {isa = PBXBuildFile; fileRef = 10CF8D732932562F00710204 /* SnapshotTestingDemoTests.swift */; };
		10CF8D7F2932571B00710204 /* SnapshotTesting in Frameworks */ = {isa = PBXBuildFile; productRef = 10CF8D7E2932571B00710204 /* SnapshotTesting */; };
/* End PBXBuildFile section */

/* Begin PBXContainerItemProxy section */
		10CF8D752932562F00710204 /* PBXContainerItemProxy */ = {
			isa = PBXContainerItemProxy;
			containerPortal = 10CF8D4E2932479100710204 /* Project object */;
			proxyType = 1;
			remoteGlobalIDString = 10CF8D552932479100710204;
			remoteInfo = SnapshotTestingDemo;
		};
/* End PBXContainerItemProxy section */

/* Begin PBXFileReference section */
		10C5D7922934937400725568 /* ViewController.view_controller.png */ = {isa = PBXFileReference; lastKnownFileType = image.png; path = ViewController.view_controller.png; sourceTree = "<group>"; };
		10CF8D562932479100710204 /* SnapshotTestingDemo.app */ = {isa = PBXFileReference; explicitFileType = wrapper.application; includeInIndex = 0; path = SnapshotTestingDemo.app; sourceTree = BUILT_PRODUCTS_DIR; };
		10CF8D592932479100710204 /* AppDelegate.swift */ = {isa = PBXFileReference; lastKnownFileType = sourcecode.swift; path = AppDelegate.swift; sourceTree = "<group>"; };
		10CF8D5D2932479100710204 /* ViewController.swift */ = {isa = PBXFileReference; lastKnownFileType = sourcecode.swift; path = ViewController.swift; sourceTree = "<group>"; };
		10CF8D622932479300710204 /* Assets.xcassets */ = {isa = PBXFileReference; lastKnownFileType = folder.assetcatalog; path = Assets.xcassets; sourceTree = "<group>"; };
		10CF8D652932479300710204 /* Base */ = {isa = PBXFileReference; lastKnownFileType = file.storyboard; name = Base; path = Base.lproj/LaunchScreen.storyboard; sourceTree = "<group>"; };
		10CF8D672932479300710204 /* Info.plist */ = {isa = PBXFileReference; lastKnownFileType = text.plist.xml; path = Info.plist; sourceTree = "<group>"; };
		10CF8D712932562F00710204 /* SnapshotTestingDemoTests.xctest */ = {isa = PBXFileReference; explicitFileType = wrapper.cfbundle; includeInIndex = 0; path = SnapshotTestingDemoTests.xctest; sourceTree = BUILT_PRODUCTS_DIR; };
		10CF8D732932562F00710204 /* SnapshotTestingDemoTests.swift */ = {isa = PBXFileReference; lastKnownFileType = sourcecode.swift; path = SnapshotTestingDemoTests.swift; sourceTree = "<group>"; };
/* End PBXFileReference section */

/* Begin PBXFrameworksBuildPhase section */
		10CF8D532932479100710204 /* Frameworks */ = {
			isa = PBXFrameworksBuildPhase;
			buildActionMask = 2147483647;
			files = (
			);
			runOnlyForDeploymentPostprocessing = 0;
		};
		10CF8D6E2932562F00710204 /* Frameworks */ = {
			isa = PBXFrameworksBuildPhase;
			buildActionMask = 2147483647;
			files = (
				10CF8D7F2932571B00710204 /* SnapshotTesting in Frameworks */,
			);
			runOnlyForDeploymentPostprocessing = 0;
		};
/* End PBXFrameworksBuildPhase section */

/* Begin PBXGroup section */
		10C5D7902934937400725568 /* __Snapshots__ */ = {
			isa = PBXGroup;
			children = (
				10C5D7912934937400725568 /* SnapshotTestingDemoTests */,
			);
			path = __Snapshots__;
			sourceTree = "<group>";
		};
		10C5D7912934937400725568 /* SnapshotTestingDemoTests */ = {
			isa = PBXGroup;
			children = (
				10C5D7922934937400725568 /* ViewController.view_controller.png */,
			);
			path = SnapshotTestingDemoTests;
			sourceTree = "<group>";
		};
		10CF8D4D2932479100710204 = {
			isa = PBXGroup;
			children = (
				10CF8D582932479100710204 /* SnapshotTestingDemo */,
				10CF8D722932562F00710204 /* SnapshotTestingDemoTests */,
				10CF8D572932479100710204 /* Products */,
			);
			sourceTree = "<group>";
		};
		10CF8D572932479100710204 /* Products */ = {
			isa = PBXGroup;
			children = (
				10CF8D562932479100710204 /* SnapshotTestingDemo.app */,
				10CF8D712932562F00710204 /* SnapshotTestingDemoTests.xctest */,
			);
			name = Products;
			sourceTree = "<group>";
		};
		10CF8D582932479100710204 /* SnapshotTestingDemo */ = {
			isa = PBXGroup;
			children = (
				10CF8D592932479100710204 /* AppDelegate.swift */,
				10CF8D5D2932479100710204 /* ViewController.swift */,
				10CF8D622932479300710204 /* Assets.xcassets */,
				10CF8D642932479300710204 /* LaunchScreen.storyboard */,
				10CF8D672932479300710204 /* Info.plist */,
			);
			path = SnapshotTestingDemo;
			sourceTree = "<group>";
		};
		10CF8D722932562F00710204 /* SnapshotTestingDemoTests */ = {
			isa = PBXGroup;
			children = (
				10C5D7902934937400725568 /* __Snapshots__ */,
				10CF8D732932562F00710204 /* SnapshotTestingDemoTests.swift */,
			);
			path = SnapshotTestingDemoTests;
			sourceTree = "<group>";
		};
/* End PBXGroup section */

/* Begin PBXNativeTarget section */
		10CF8D552932479100710204 /* SnapshotTestingDemo */ = {
			isa = PBXNativeTarget;
			buildConfigurationList = 10CF8D6A2932479300710204 /* Build configuration list for PBXNativeTarget "SnapshotTestingDemo" */;
			buildPhases = (
				10CF8D522932479100710204 /* Sources */,
				10CF8D532932479100710204 /* Frameworks */,
				10CF8D542932479100710204 /* Resources */,
			);
			buildRules = (
			);
			dependencies = (
			);
			name = SnapshotTestingDemo;
			packageProductDependencies = (
			);
			productName = SnapshotTestingDemo;
			productReference = 10CF8D562932479100710204 /* SnapshotTestingDemo.app */;
			productType = "com.apple.product-type.application";
		};
		10CF8D702932562F00710204 /* SnapshotTestingDemoTests */ = {
			isa = PBXNativeTarget;
			buildConfigurationList = 10CF8D772932562F00710204 /* Build configuration list for PBXNativeTarget "SnapshotTestingDemoTests" */;
			buildPhases = (
				10CF8D6D2932562F00710204 /* Sources */,
				10CF8D6E2932562F00710204 /* Frameworks */,
				10CF8D6F2932562F00710204 /* Resources */,
			);
			buildRules = (
			);
			dependencies = (
				10CF8D762932562F00710204 /* PBXTargetDependency */,
			);
			name = SnapshotTestingDemoTests;
			packageProductDependencies = (
				10CF8D7E2932571B00710204 /* SnapshotTesting */,
			);
			productName = SnapshotTestingDemoTests;
			productReference = 10CF8D712932562F00710204 /* SnapshotTestingDemoTests.xctest */;
			productType = "com.apple.product-type.bundle.unit-test";
		};
/* End PBXNativeTarget section */

/* Begin PBXProject section */
		10CF8D4E2932479100710204 /* Project object */ = {
			isa = PBXProject;
			attributes = {
				BuildIndependentTargetsInParallel = 1;
				LastSwiftUpdateCheck = 1340;
				LastUpgradeCheck = 1340;
				TargetAttributes = {
					10CF8D552932479100710204 = {
						CreatedOnToolsVersion = 13.4.1;
					};
					10CF8D702932562F00710204 = {
						CreatedOnToolsVersion = 13.4.1;
						TestTargetID = 10CF8D552932479100710204;
					};
				};
			};
			buildConfigurationList = 10CF8D512932479100710204 /* Build configuration list for PBXProject "SnapshotTestingDemo" */;
			compatibilityVersion = "Xcode 13.0";
			developmentRegion = en;
			hasScannedForEncodings = 0;
			knownRegions = (
				en,
				Base,
			);
			mainGroup = 10CF8D4D2932479100710204;
			packageReferences = (
				10CF8D7D2932571B00710204 /* XCRemoteSwiftPackageReference "swift-snapshot-testing" */,
			);
			productRefGroup = 10CF8D572932479100710204 /* Products */;
			projectDirPath = "";
			projectRoot = "";
			targets = (
				10CF8D552932479100710204 /* SnapshotTestingDemo */,
				10CF8D702932562F00710204 /* SnapshotTestingDemoTests */,
			);
		};
/* End PBXProject section */

/* Begin PBXResourcesBuildPhase section */
		10CF8D542932479100710204 /* Resources */ = {
			isa = PBXResourcesBuildPhase;
			buildActionMask = 2147483647;
			files = (
				10CF8D662932479300710204 /* LaunchScreen.storyboard in Resources */,
				10CF8D632932479300710204 /* Assets.xcassets in Resources */,
			);
			runOnlyForDeploymentPostprocessing = 0;
		};
		10CF8D6F2932562F00710204 /* Resources */ = {
			isa = PBXResourcesBuildPhase;
			buildActionMask = 2147483647;
			files = (
				10C5D7932934937400725568 /* ViewController.view_controller.png in Resources */,
			);
			runOnlyForDeploymentPostprocessing = 0;
		};
/* End PBXResourcesBuildPhase section */

/* Begin PBXSourcesBuildPhase section */
		10CF8D522932479100710204 /* Sources */ = {
			isa = PBXSourcesBuildPhase;
			buildActionMask = 2147483647;
			files = (
				10CF8D5E2932479100710204 /* ViewController.swift in Sources */,
				10CF8D5A2932479100710204 /* AppDelegate.swift in Sources */,
			);
			runOnlyForDeploymentPostprocessing = 0;
		};
		10CF8D6D2932562F00710204 /* Sources */ = {
			isa = PBXSourcesBuildPhase;
			buildActionMask = 2147483647;
			files = (
				10CF8D742932562F00710204 /* SnapshotTestingDemoTests.swift in Sources */,
			);
			runOnlyForDeploymentPostprocessing = 0;
		};
/* End PBXSourcesBuildPhase section */

/* Begin PBXTargetDependency section */
		10CF8D762932562F00710204 /* PBXTargetDependency */ = {
			isa = PBXTargetDependency;
			target = 10CF8D552932479100710204 /* SnapshotTestingDemo */;
			targetProxy = 10CF8D752932562F00710204 /* PBXContainerItemProxy */;
		};
/* End PBXTargetDependency section */

/* Begin PBXVariantGroup section */
		10CF8D642932479300710204 /* LaunchScreen.storyboard */ = {
			isa = PBXVariantGroup;
			children = (
				10CF8D652932479300710204 /* Base */,
			);
			name = LaunchScreen.storyboard;
			sourceTree = "<group>";
		};
/* End PBXVariantGroup section */

/* Begin XCBuildConfiguration section */
		10CF8D682932479300710204 /* Debug */ = {
			isa = XCBuildConfiguration;
			buildSettings = {
				ALWAYS_SEARCH_USER_PATHS = NO;
				CLANG_ANALYZER_NONNULL = YES;
				CLANG_ANALYZER_NUMBER_OBJECT_CONVERSION = YES_AGGRESSIVE;
				CLANG_CXX_LANGUAGE_STANDARD = "gnu++17";
				CLANG_ENABLE_MODULES = YES;
				CLANG_ENABLE_OBJC_ARC = YES;
				CLANG_ENABLE_OBJC_WEAK = YES;
				CLANG_WARN_BLOCK_CAPTURE_AUTORELEASING = YES;
				CLANG_WARN_BOOL_CONVERSION = YES;
				CLANG_WARN_COMMA = YES;
				CLANG_WARN_CONSTANT_CONVERSION = YES;
				CLANG_WARN_DEPRECATED_OBJC_IMPLEMENTATIONS = YES;
				CLANG_WARN_DIRECT_OBJC_ISA_USAGE = YES_ERROR;
				CLANG_WARN_DOCUMENTATION_COMMENTS = YES;
				CLANG_WARN_EMPTY_BODY = YES;
				CLANG_WARN_ENUM_CONVERSION = YES;
				CLANG_WARN_INFINITE_RECURSION = YES;
				CLANG_WARN_INT_CONVERSION = YES;
				CLANG_WARN_NON_LITERAL_NULL_CONVERSION = YES;
				CLANG_WARN_OBJC_IMPLICIT_RETAIN_SELF = YES;
				CLANG_WARN_OBJC_LITERAL_CONVERSION = YES;
				CLANG_WARN_OBJC_ROOT_CLASS = YES_ERROR;
				CLANG_WARN_QUOTED_INCLUDE_IN_FRAMEWORK_HEADER = YES;
				CLANG_WARN_RANGE_LOOP_ANALYSIS = YES;
				CLANG_WARN_STRICT_PROTOTYPES = YES;
				CLANG_WARN_SUSPICIOUS_MOVE = YES;
				CLANG_WARN_UNGUARDED_AVAILABILITY = YES_AGGRESSIVE;
				CLANG_WARN_UNREACHABLE_CODE = YES;
				CLANG_WARN__DUPLICATE_METHOD_MATCH = YES;
				COPY_PHASE_STRIP = NO;
				DEBUG_INFORMATION_FORMAT = dwarf;
				ENABLE_STRICT_OBJC_MSGSEND = YES;
				ENABLE_TESTABILITY = YES;
				GCC_C_LANGUAGE_STANDARD = gnu11;
				GCC_DYNAMIC_NO_PIC = NO;
				GCC_NO_COMMON_BLOCKS = YES;
				GCC_OPTIMIZATION_LEVEL = 0;
				GCC_PREPROCESSOR_DEFINITIONS = (
					"DEBUG=1",
					"$(inherited)",
				);
				GCC_WARN_64_TO_32_BIT_CONVERSION = YES;
				GCC_WARN_ABOUT_RETURN_TYPE = YES_ERROR;
				GCC_WARN_UNDECLARED_SELECTOR = YES;
				GCC_WARN_UNINITIALIZED_AUTOS = YES_AGGRESSIVE;
				GCC_WARN_UNUSED_FUNCTION = YES;
				GCC_WARN_UNUSED_VARIABLE = YES;
				IPHONEOS_DEPLOYMENT_TARGET = 15.5;
				MTL_ENABLE_DEBUG_INFO = INCLUDE_SOURCE;
				MTL_FAST_MATH = YES;
				ONLY_ACTIVE_ARCH = YES;
				SDKROOT = iphoneos;
				SWIFT_ACTIVE_COMPILATION_CONDITIONS = DEBUG;
				SWIFT_OPTIMIZATION_LEVEL = "-Onone";
			};
			name = Debug;
		};
		10CF8D692932479300710204 /* Release */ = {
			isa = XCBuildConfiguration;
			buildSettings = {
				ALWAYS_SEARCH_USER_PATHS = NO;
				CLANG_ANALYZER_NONNULL = YES;
				CLANG_ANALYZER_NUMBER_OBJECT_CONVERSION = YES_AGGRESSIVE;
				CLANG_CXX_LANGUAGE_STANDARD = "gnu++17";
				CLANG_ENABLE_MODULES = YES;
				CLANG_ENABLE_OBJC_ARC = YES;
				CLANG_ENABLE_OBJC_WEAK = YES;
				CLANG_WARN_BLOCK_CAPTURE_AUTORELEASING = YES;
				CLANG_WARN_BOOL_CONVERSION = YES;
				CLANG_WARN_COMMA = YES;
				CLANG_WARN_CONSTANT_CONVERSION = YES;
				CLANG_WARN_DEPRECATED_OBJC_IMPLEMENTATIONS = YES;
				CLANG_WARN_DIRECT_OBJC_ISA_USAGE = YES_ERROR;
				CLANG_WARN_DOCUMENTATION_COMMENTS = YES;
				CLANG_WARN_EMPTY_BODY = YES;
				CLANG_WARN_ENUM_CONVERSION = YES;
				CLANG_WARN_INFINITE_RECURSION = YES;
				CLANG_WARN_INT_CONVERSION = YES;
				CLANG_WARN_NON_LITERAL_NULL_CONVERSION = YES;
				CLANG_WARN_OBJC_IMPLICIT_RETAIN_SELF = YES;
				CLANG_WARN_OBJC_LITERAL_CONVERSION = YES;
				CLANG_WARN_OBJC_ROOT_CLASS = YES_ERROR;
				CLANG_WARN_QUOTED_INCLUDE_IN_FRAMEWORK_HEADER = YES;
				CLANG_WARN_RANGE_LOOP_ANALYSIS = YES;
				CLANG_WARN_STRICT_PROTOTYPES = YES;
				CLANG_WARN_SUSPICIOUS_MOVE = YES;
				CLANG_WARN_UNGUARDED_AVAILABILITY = YES_AGGRESSIVE;
				CLANG_WARN_UNREACHABLE_CODE = YES;
				CLANG_WARN__DUPLICATE_METHOD_MATCH = YES;
				COPY_PHASE_STRIP = NO;
				DEBUG_INFORMATION_FORMAT = "dwarf-with-dsym";
				ENABLE_NS_ASSERTIONS = NO;
				ENABLE_STRICT_OBJC_MSGSEND = YES;
				GCC_C_LANGUAGE_STANDARD = gnu11;
				GCC_NO_COMMON_BLOCKS = YES;
				GCC_WARN_64_TO_32_BIT_CONVERSION = YES;
				GCC_WARN_ABOUT_RETURN_TYPE = YES_ERROR;
				GCC_WARN_UNDECLARED_SELECTOR = YES;
				GCC_WARN_UNINITIALIZED_AUTOS = YES_AGGRESSIVE;
				GCC_WARN_UNUSED_FUNCTION = YES;
				GCC_WARN_UNUSED_VARIABLE = YES;
				IPHONEOS_DEPLOYMENT_TARGET = 15.5;
				MTL_ENABLE_DEBUG_INFO = NO;
				MTL_FAST_MATH = YES;
				SDKROOT = iphoneos;
				SWIFT_COMPILATION_MODE = wholemodule;
				SWIFT_OPTIMIZATION_LEVEL = "-O";
				VALIDATE_PRODUCT = YES;
			};
			name = Release;
		};
		10CF8D6B2932479300710204 /* Debug */ = {
			isa = XCBuildConfiguration;
			buildSettings = {
				ASSETCATALOG_COMPILER_APPICON_NAME = AppIcon;
				ASSETCATALOG_COMPILER_GLOBAL_ACCENT_COLOR_NAME = AccentColor;
				CODE_SIGN_STYLE = Automatic;
				CURRENT_PROJECT_VERSION = 1;
				DEVELOPMENT_TEAM = 98M4TR2D5A;
				GENERATE_INFOPLIST_FILE = YES;
				INFOPLIST_FILE = SnapshotTestingDemo/Info.plist;
				INFOPLIST_KEY_UIApplicationSupportsIndirectInputEvents = YES;
				INFOPLIST_KEY_UILaunchStoryboardName = LaunchScreen;
				INFOPLIST_KEY_UISupportedInterfaceOrientations_iPad = "UIInterfaceOrientationPortrait UIInterfaceOrientationPortraitUpsideDown UIInterfaceOrientationLandscapeLeft UIInterfaceOrientationLandscapeRight";
				INFOPLIST_KEY_UISupportedInterfaceOrientations_iPhone = "UIInterfaceOrientationPortrait UIInterfaceOrientationLandscapeLeft UIInterfaceOrientationLandscapeRight";
				LD_RUNPATH_SEARCH_PATHS = (
					"$(inherited)",
					"@executable_path/Frameworks",
				);
				MARKETING_VERSION = 1.0;
				PRODUCT_BUNDLE_IDENTIFIER = com.iremkaraoglu.SnapshotTestingDemo;
				PRODUCT_NAME = "$(TARGET_NAME)";
				SWIFT_EMIT_LOC_STRINGS = YES;
				SWIFT_VERSION = 5.0;
				TARGETED_DEVICE_FAMILY = "1,2";
			};
			name = Debug;
		};
		10CF8D6C2932479300710204 /* Release */ = {
			isa = XCBuildConfiguration;
			buildSettings = {
				ASSETCATALOG_COMPILER_APPICON_NAME = AppIcon;
				ASSETCATALOG_COMPILER_GLOBAL_ACCENT_COLOR_NAME = AccentColor;
				CODE_SIGN_STYLE = Automatic;
				CURRENT_PROJECT_VERSION = 1;
				DEVELOPMENT_TEAM = 98M4TR2D5A;
				GENERATE_INFOPLIST_FILE = YES;
				INFOPLIST_FILE = SnapshotTestingDemo/Info.plist;
				INFOPLIST_KEY_UIApplicationSupportsIndirectInputEvents = YES;
				INFOPLIST_KEY_UILaunchStoryboardName = LaunchScreen;
				INFOPLIST_KEY_UISupportedInterfaceOrientations_iPad = "UIInterfaceOrientationPortrait UIInterfaceOrientationPortraitUpsideDown UIInterfaceOrientationLandscapeLeft UIInterfaceOrientationLandscapeRight";
				INFOPLIST_KEY_UISupportedInterfaceOrientations_iPhone = "UIInterfaceOrientationPortrait UIInterfaceOrientationLandscapeLeft UIInterfaceOrientationLandscapeRight";
				LD_RUNPATH_SEARCH_PATHS = (
					"$(inherited)",
					"@executable_path/Frameworks",
				);
				MARKETING_VERSION = 1.0;
				PRODUCT_BUNDLE_IDENTIFIER = com.iremkaraoglu.SnapshotTestingDemo;
				PRODUCT_NAME = "$(TARGET_NAME)";
				SWIFT_EMIT_LOC_STRINGS = YES;
				SWIFT_VERSION = 5.0;
				TARGETED_DEVICE_FAMILY = "1,2";
			};
			name = Release;
		};
		10CF8D782932562F00710204 /* Debug */ = {
			isa = XCBuildConfiguration;
			buildSettings = {
				BUNDLE_LOADER = "$(TEST_HOST)";
				CODE_SIGN_STYLE = Automatic;
				CURRENT_PROJECT_VERSION = 1;
				DEVELOPMENT_TEAM = 98M4TR2D5A;
				GENERATE_INFOPLIST_FILE = YES;
				MARKETING_VERSION = 1.0;
				PRODUCT_BUNDLE_IDENTIFIER = com.iremkaraoglu.SnapshotTestingDemoTests;
				PRODUCT_NAME = "$(TARGET_NAME)";
				SWIFT_EMIT_LOC_STRINGS = NO;
				SWIFT_VERSION = 5.0;
				TARGETED_DEVICE_FAMILY = "1,2";
				TEST_HOST = "$(BUILT_PRODUCTS_DIR)/SnapshotTestingDemo.app/SnapshotTestingDemo";
			};
			name = Debug;
		};
		10CF8D792932562F00710204 /* Release */ = {
			isa = XCBuildConfiguration;
			buildSettings = {
				BUNDLE_LOADER = "$(TEST_HOST)";
				CODE_SIGN_STYLE = Automatic;
				CURRENT_PROJECT_VERSION = 1;
				DEVELOPMENT_TEAM = 98M4TR2D5A;
				GENERATE_INFOPLIST_FILE = YES;
				MARKETING_VERSION = 1.0;
				PRODUCT_BUNDLE_IDENTIFIER = com.iremkaraoglu.SnapshotTestingDemoTests;
				PRODUCT_NAME = "$(TARGET_NAME)";
				SWIFT_EMIT_LOC_STRINGS = NO;
				SWIFT_VERSION = 5.0;
				TARGETED_DEVICE_FAMILY = "1,2";
				TEST_HOST = "$(BUILT_PRODUCTS_DIR)/SnapshotTestingDemo.app/SnapshotTestingDemo";
			};
			name = Release;
		};
/* End XCBuildConfiguration section */

/* Begin XCConfigurationList section */
		10CF8D512932479100710204 /* Build configuration list for PBXProject "SnapshotTestingDemo" */ = {
			isa = XCConfigurationList;
			buildConfigurations = (
				10CF8D682932479300710204 /* Debug */,
				10CF8D692932479300710204 /* Release */,
			);
			defaultConfigurationIsVisible = 0;
			defaultConfigurationName = Release;
		};
		10CF8D6A2932479300710204 /* Build configuration list for PBXNativeTarget "SnapshotTestingDemo" */ = {
			isa = XCConfigurationList;
			buildConfigurations = (
				10CF8D6B2932479300710204 /* Debug */,
				10CF8D6C2932479300710204 /* Release */,
			);
			defaultConfigurationIsVisible = 0;
			defaultConfigurationName = Release;
		};
		10CF8D772932562F00710204 /* Build configuration list for PBXNativeTarget "SnapshotTestingDemoTests" */ = {
			isa = XCConfigurationList;
			buildConfigurations = (
				10CF8D782932562F00710204 /* Debug */,
				10CF8D792932562F00710204 /* Release */,
			);
			defaultConfigurationIsVisible = 0;
			defaultConfigurationName = Release;
		};
/* End XCConfigurationList section */

/* Begin XCRemoteSwiftPackageReference section */
		10CF8D7D2932571B00710204 /* XCRemoteSwiftPackageReference "swift-snapshot-testing" */ = {
			isa = XCRemoteSwiftPackageReference;
			repositoryURL = "https://github.com/pointfreeco/swift-snapshot-testing";
			requirement = {
				branch = main;
				kind = branch;
			};
		};
/* End XCRemoteSwiftPackageReference section */

/* Begin XCSwiftPackageProductDependency section */
		10CF8D7E2932571B00710204 /* SnapshotTesting */ = {
			isa = XCSwiftPackageProductDependency;
			package = 10CF8D7D2932571B00710204 /* XCRemoteSwiftPackageReference "swift-snapshot-testing" */;
			productName = SnapshotTesting;
		};
/* End XCSwiftPackageProductDependency section */
	};
	rootObject = 10CF8D4E2932479100710204 /* Project object */;
}
